// !$*UTF8*$!
{
	archiveVersion = 1;
	classes = {
	};
	objectVersion = 55;
	objects = {

/* Begin PBXBuildFile section */
		283574C5292B68BE00D3CCF4 /* AppDelegate.swift in Sources */ = {isa = PBXBuildFile; fileRef = 283574C4292B68BE00D3CCF4 /* AppDelegate.swift */; };
		283574C7292B68BE00D3CCF4 /* SceneDelegate.swift in Sources */ = {isa = PBXBuildFile; fileRef = 283574C6292B68BE00D3CCF4 /* SceneDelegate.swift */; };
		283574C9292B68BE00D3CCF4 /* ViewController.swift in Sources */ = {isa = PBXBuildFile; fileRef = 283574C8292B68BE00D3CCF4 /* ViewController.swift */; };
		283574CC292B68BE00D3CCF4 /* Main.storyboard in Resources */ = {isa = PBXBuildFile; fileRef = 283574CA292B68BE00D3CCF4 /* Main.storyboard */; };
		283574CE292B68BE00D3CCF4 /* Assets.xcassets in Resources */ = {isa = PBXBuildFile; fileRef = 283574CD292B68BE00D3CCF4 /* Assets.xcassets */; };
		283574D1292B68BE00D3CCF4 /* LaunchScreen.storyboard in Resources */ = {isa = PBXBuildFile; fileRef = 283574CF292B68BE00D3CCF4 /* LaunchScreen.storyboard */; };
		283574D9292B696200D3CCF4 /* ViewControllerB.swift in Sources */ = {isa = PBXBuildFile; fileRef = 283574D8292B696200D3CCF4 /* ViewControllerB.swift */; };
		283574DC292B699800D3CCF4 /* Cell.swift in Sources */ = {isa = PBXBuildFile; fileRef = 283574DA292B699800D3CCF4 /* Cell.swift */; };
		283574DD292B699800D3CCF4 /* Cell.xib in Resources */ = {isa = PBXBuildFile; fileRef = 283574DB292B699800D3CCF4 /* Cell.xib */; };
		283574DF292B69C500D3CCF4 /* DogAndCat.swift in Sources */ = {isa = PBXBuildFile; fileRef = 283574DE292B69C500D3CCF4 /* DogAndCat.swift */; };
/* End PBXBuildFile section */

/* Begin PBXFileReference section */
		283574C1292B68BE00D3CCF4 /* PROJECT 26  ACTION SHEET.app */ = {isa = PBXFileReference; explicitFileType = wrapper.application; includeInIndex = 0; path = "PROJECT 26  ACTION SHEET.app"; sourceTree = BUILT_PRODUCTS_DIR; };
		283574C4292B68BE00D3CCF4 /* AppDelegate.swift */ = {isa = PBXFileReference; lastKnownFileType = sourcecode.swift; path = AppDelegate.swift; sourceTree = "<group>"; };
		283574C6292B68BE00D3CCF4 /* SceneDelegate.swift */ = {isa = PBXFileReference; lastKnownFileType = sourcecode.swift; path = SceneDelegate.swift; sourceTree = "<group>"; };
		283574C8292B68BE00D3CCF4 /* ViewController.swift */ = {isa = PBXFileReference; lastKnownFileType = sourcecode.swift; path = ViewController.swift; sourceTree = "<group>"; };
		283574CB292B68BE00D3CCF4 /* Base */ = {isa = PBXFileReference; lastKnownFileType = file.storyboard; name = Base; path = Base.lproj/Main.storyboard; sourceTree = "<group>"; };
		283574CD292B68BE00D3CCF4 /* Assets.xcassets */ = {isa = PBXFileReference; lastKnownFileType = folder.assetcatalog; path = Assets.xcassets; sourceTree = "<group>"; };
		283574D0292B68BE00D3CCF4 /* Base */ = {isa = PBXFileReference; lastKnownFileType = file.storyboard; name = Base; path = Base.lproj/LaunchScreen.storyboard; sourceTree = "<group>"; };
		283574D2292B68BE00D3CCF4 /* Info.plist */ = {isa = PBXFileReference; lastKnownFileType = text.plist.xml; path = Info.plist; sourceTree = "<group>"; };
		283574D8292B696200D3CCF4 /* ViewControllerB.swift */ = {isa = PBXFileReference; lastKnownFileType = sourcecode.swift; path = ViewControllerB.swift; sourceTree = "<group>"; };
		283574DA292B699800D3CCF4 /* Cell.swift */ = {isa = PBXFileReference; lastKnownFileType = sourcecode.swift; path = Cell.swift; sourceTree = "<group>"; };
		283574DB292B699800D3CCF4 /* Cell.xib */ = {isa = PBXFileReference; lastKnownFileType = file.xib; path = Cell.xib; sourceTree = "<group>"; };
		283574DE292B69C500D3CCF4 /* DogAndCat.swift */ = {isa = PBXFileReference; lastKnownFileType = sourcecode.swift; path = DogAndCat.swift; sourceTree = "<group>"; };
/* End PBXFileReference section */

/* Begin PBXFrameworksBuildPhase section */
		283574BE292B68BE00D3CCF4 /* Frameworks */ = {
			isa = PBXFrameworksBuildPhase;
			buildActionMask = 2147483647;
			files = (
			);
			runOnlyForDeploymentPostprocessing = 0;
		};
/* End PBXFrameworksBuildPhase section */

/* Begin PBXGroup section */
		283574B8292B68BE00D3CCF4 = {
			isa = PBXGroup;
			children = (
				283574C3292B68BE00D3CCF4 /* PROJECT 26  ACTION SHEET */,
				283574C2292B68BE00D3CCF4 /* Products */,
			);
			sourceTree = "<group>";
		};
		283574C2292B68BE00D3CCF4 /* Products */ = {
			isa = PBXGroup;
			children = (
				283574C1292B68BE00D3CCF4 /* PROJECT 26  ACTION SHEET.app */,
			);
			name = Products;
			sourceTree = "<group>";
		};
		283574C3292B68BE00D3CCF4 /* PROJECT 26  ACTION SHEET */ = {
			isa = PBXGroup;
			children = (
				283574C4292B68BE00D3CCF4 /* AppDelegate.swift */,
				283574C6292B68BE00D3CCF4 /* SceneDelegate.swift */,
				283574C8292B68BE00D3CCF4 /* ViewController.swift */,
				283574CA292B68BE00D3CCF4 /* Main.storyboard */,
				283574CD292B68BE00D3CCF4 /* Assets.xcassets */,
				283574CF292B68BE00D3CCF4 /* LaunchScreen.storyboard */,
				283574D2292B68BE00D3CCF4 /* Info.plist */,
				283574D8292B696200D3CCF4 /* ViewControllerB.swift */,
				283574DA292B699800D3CCF4 /* Cell.swift */,
				283574DB292B699800D3CCF4 /* Cell.xib */,
				283574DE292B69C500D3CCF4 /* DogAndCat.swift */,
			);
			path = "PROJECT 26  ACTION SHEET";
			sourceTree = "<group>";
		};
/* End PBXGroup section */

/* Begin PBXNativeTarget section */
		283574C0292B68BE00D3CCF4 /* PROJECT 26  ACTION SHEET */ = {
			isa = PBXNativeTarget;
			buildConfigurationList = 283574D5292B68BE00D3CCF4 /* Build configuration list for PBXNativeTarget "PROJECT 26  ACTION SHEET" */;
			buildPhases = (
				283574BD292B68BE00D3CCF4 /* Sources */,
				283574BE292B68BE00D3CCF4 /* Frameworks */,
				283574BF292B68BE00D3CCF4 /* Resources */,
			);
			buildRules = (
			);
			dependencies = (
			);
			name = "PROJECT 26  ACTION SHEET";
			productName = "PROJECT 26  ACTION SHEET";
			productReference = 283574C1292B68BE00D3CCF4 /* PROJECT 26  ACTION SHEET.app */;
			productType = "com.apple.product-type.application";
		};
/* End PBXNativeTarget section */

/* Begin PBXProject section */
		283574B9292B68BE00D3CCF4 /* Project object */ = {
			isa = PBXProject;
			attributes = {
				BuildIndependentTargetsInParallel = 1;
				LastSwiftUpdateCheck = 1340;
				LastUpgradeCheck = 1340;
				TargetAttributes = {
					283574C0292B68BE00D3CCF4 = {
						CreatedOnToolsVersion = 13.4.1;
					};
				};
			};
			buildConfigurationList = 283574BC292B68BE00D3CCF4 /* Build configuration list for PBXProject "PROJECT 26  ACTION SHEET" */;
			compatibilityVersion = "Xcode 13.0";
			developmentRegion = en;
			hasScannedForEncodings = 0;
			knownRegions = (
				en,
				Base,
			);
			mainGroup = 283574B8292B68BE00D3CCF4;
			productRefGroup = 283574C2292B68BE00D3CCF4 /* Products */;
			projectDirPath = "";
			projectRoot = "";
			targets = (
				283574C0292B68BE00D3CCF4 /* PROJECT 26  ACTION SHEET */,
			);
		};
/* End PBXProject section */

/* Begin PBXResourcesBuildPhase section */
		283574BF292B68BE00D3CCF4 /* Resources */ = {
			isa = PBXResourcesBuildPhase;
			buildActionMask = 2147483647;
			files = (
				283574D1292B68BE00D3CCF4 /* LaunchScreen.storyboard in Resources */,
				283574DD292B699800D3CCF4 /* Cell.xib in Resources */,
				283574CE292B68BE00D3CCF4 /* Assets.xcassets in Resources */,
				283574CC292B68BE00D3CCF4 /* Main.storyboard in Resources */,
			);
			runOnlyForDeploymentPostprocessing = 0;
		};
/* End PBXResourcesBuildPhase section */

/* Begin PBXSourcesBuildPhase section */
		283574BD292B68BE00D3CCF4 /* Sources */ = {
			isa = PBXSourcesBuildPhase;
			buildActionMask = 2147483647;
			files = (
				283574C9292B68BE00D3CCF4 /* ViewController.swift in Sources */,
				283574D9292B696200D3CCF4 /* ViewControllerB.swift in Sources */,
				283574DC292B699800D3CCF4 /* Cell.swift in Sources */,
				283574DF292B69C500D3CCF4 /* DogAndCat.swift in Sources */,
				283574C5292B68BE00D3CCF4 /* AppDelegate.swift in Sources */,
				283574C7292B68BE00D3CCF4 /* SceneDelegate.swift in Sources */,
			);
			runOnlyForDeploymentPostprocessing = 0;
		};
/* End PBXSourcesBuildPhase section */

/* Begin PBXVariantGroup section */
		283574CA292B68BE00D3CCF4 /* Main.storyboard */ = {
			isa = PBXVariantGroup;
			children = (
				283574CB292B68BE00D3CCF4 /* Base */,
			);
			name = Main.storyboard;
			sourceTree = "<group>";
		};
		283574CF292B68BE00D3CCF4 /* LaunchScreen.storyboard */ = {
			isa = PBXVariantGroup;
			children = (
				283574D0292B68BE00D3CCF4 /* Base */,
			);
			name = LaunchScreen.storyboard;
			sourceTree = "<group>";
		};
/* End PBXVariantGroup section */

/* Begin XCBuildConfiguration section */
		283574D3292B68BE00D3CCF4 /* Debug */ = {
			isa = XCBuildConfiguration;
			buildSettings = {
				ALWAYS_SEARCH_USER_PATHS = NO;
				CLANG_ANALYZER_NONNULL = YES;
				CLANG_ANALYZER_NUMBER_OBJECT_CONVERSION = YES_AGGRESSIVE;
				CLANG_CXX_LANGUAGE_STANDARD = "gnu++17";
				CLANG_ENABLE_MODULES = YES;
				CLANG_ENABLE_OBJC_ARC = YES;
				CLANG_ENABLE_OBJC_WEAK = YES;
				CLANG_WARN_BLOCK_CAPTURE_AUTORELEASING = YES;
				CLANG_WARN_BOOL_CONVERSION = YES;
				CLANG_WARN_COMMA = YES;
				CLANG_WARN_CONSTANT_CONVERSION = YES;
				CLANG_WARN_DEPRECATED_OBJC_IMPLEMENTATIONS = YES;
				CLANG_WARN_DIRECT_OBJC_ISA_USAGE = YES_ERROR;
				CLANG_WARN_DOCUMENTATION_COMMENTS = YES;
				CLANG_WARN_EMPTY_BODY = YES;
				CLANG_WARN_ENUM_CONVERSION = YES;
				CLANG_WARN_INFINITE_RECURSION = YES;
				CLANG_WARN_INT_CONVERSION = YES;
				CLANG_WARN_NON_LITERAL_NULL_CONVERSION = YES;
				CLANG_WARN_OBJC_IMPLICIT_RETAIN_SELF = YES;
				CLANG_WARN_OBJC_LITERAL_CONVERSION = YES;
				CLANG_WARN_OBJC_ROOT_CLASS = YES_ERROR;
				CLANG_WARN_QUOTED_INCLUDE_IN_FRAMEWORK_HEADER = YES;
				CLANG_WARN_RANGE_LOOP_ANALYSIS = YES;
				CLANG_WARN_STRICT_PROTOTYPES = YES;
				CLANG_WARN_SUSPICIOUS_MOVE = YES;
				CLANG_WARN_UNGUARDED_AVAILABILITY = YES_AGGRESSIVE;
				CLANG_WARN_UNREACHABLE_CODE = YES;
				CLANG_WARN__DUPLICATE_METHOD_MATCH = YES;
				COPY_PHASE_STRIP = NO;
				DEBUG_INFORMATION_FORMAT = dwarf;
				ENABLE_STRICT_OBJC_MSGSEND = YES;
				ENABLE_TESTABILITY = YES;
				GCC_C_LANGUAGE_STANDARD = gnu11;
				GCC_DYNAMIC_NO_PIC = NO;
				GCC_NO_COMMON_BLOCKS = YES;
				GCC_OPTIMIZATION_LEVEL = 0;
				GCC_PREPROCESSOR_DEFINITIONS = (
					"DEBUG=1",
					"$(inherited)",
				);
				GCC_WARN_64_TO_32_BIT_CONVERSION = YES;
				GCC_WARN_ABOUT_RETURN_TYPE = YES_ERROR;
				GCC_WARN_UNDECLARED_SELECTOR = YES;
				GCC_WARN_UNINITIALIZED_AUTOS = YES_AGGRESSIVE;
				GCC_WARN_UNUSED_FUNCTION = YES;
				GCC_WARN_UNUSED_VARIABLE = YES;
				IPHONEOS_DEPLOYMENT_TARGET = 15.5;
				MTL_ENABLE_DEBUG_INFO = INCLUDE_SOURCE;
				MTL_FAST_MATH = YES;
				ONLY_ACTIVE_ARCH = YES;
				SDKROOT = iphoneos;
				SWIFT_ACTIVE_COMPILATION_CONDITIONS = DEBUG;
				SWIFT_OPTIMIZATION_LEVEL = "-Onone";
			};
			name = Debug;
		};
		283574D4292B68BE00D3CCF4 /* Release */ = {
			isa = XCBuildConfiguration;
			buildSettings = {
				ALWAYS_SEARCH_USER_PATHS = NO;
				CLANG_ANALYZER_NONNULL = YES;
				CLANG_ANALYZER_NUMBER_OBJECT_CONVERSION = YES_AGGRESSIVE;
				CLANG_CXX_LANGUAGE_STANDARD = "gnu++17";
				CLANG_ENABLE_MODULES = YES;
				CLANG_ENABLE_OBJC_ARC = YES;
				CLANG_ENABLE_OBJC_WEAK = YES;
				CLANG_WARN_BLOCK_CAPTURE_AUTORELEASING = YES;
				CLANG_WARN_BOOL_CONVERSION = YES;
				CLANG_WARN_COMMA = YES;
				CLANG_WARN_CONSTANT_CONVERSION = YES;
				CLANG_WARN_DEPRECATED_OBJC_IMPLEMENTATIONS = YES;
				CLANG_WARN_DIRECT_OBJC_ISA_USAGE = YES_ERROR;
				CLANG_WARN_DOCUMENTATION_COMMENTS = YES;
				CLANG_WARN_EMPTY_BODY = YES;
				CLANG_WARN_ENUM_CONVERSION = YES;
				CLANG_WARN_INFINITE_RECURSION = YES;
				CLANG_WARN_INT_CONVERSION = YES;
				CLANG_WARN_NON_LITERAL_NULL_CONVERSION = YES;
				CLANG_WARN_OBJC_IMPLICIT_RETAIN_SELF = YES;
				CLANG_WARN_OBJC_LITERAL_CONVERSION = YES;
				CLANG_WARN_OBJC_ROOT_CLASS = YES_ERROR;
				CLANG_WARN_QUOTED_INCLUDE_IN_FRAMEWORK_HEADER = YES;
				CLANG_WARN_RANGE_LOOP_ANALYSIS = YES;
				CLANG_WARN_STRICT_PROTOTYPES = YES;
				CLANG_WARN_SUSPICIOUS_MOVE = YES;
				CLANG_WARN_UNGUARDED_AVAILABILITY = YES_AGGRESSIVE;
				CLANG_WARN_UNREACHABLE_CODE = YES;
				CLANG_WARN__DUPLICATE_METHOD_MATCH = YES;
				COPY_PHASE_STRIP = NO;
				DEBUG_INFORMATION_FORMAT = "dwarf-with-dsym";
				ENABLE_NS_ASSERTIONS = NO;
				ENABLE_STRICT_OBJC_MSGSEND = YES;
				GCC_C_LANGUAGE_STANDARD = gnu11;
				GCC_NO_COMMON_BLOCKS = YES;
				GCC_WARN_64_TO_32_BIT_CONVERSION = YES;
				GCC_WARN_ABOUT_RETURN_TYPE = YES_ERROR;
				GCC_WARN_UNDECLARED_SELECTOR = YES;
				GCC_WARN_UNINITIALIZED_AUTOS = YES_AGGRESSIVE;
				GCC_WARN_UNUSED_FUNCTION = YES;
				GCC_WARN_UNUSED_VARIABLE = YES;
				IPHONEOS_DEPLOYMENT_TARGET = 15.5;
				MTL_ENABLE_DEBUG_INFO = NO;
				MTL_FAST_MATH = YES;
				SDKROOT = iphoneos;
				SWIFT_COMPILATION_MODE = wholemodule;
				SWIFT_OPTIMIZATION_LEVEL = "-O";
				VALIDATE_PRODUCT = YES;
			};
			name = Release;
		};
		283574D6292B68BE00D3CCF4 /* Debug */ = {
			isa = XCBuildConfiguration;
			buildSettings = {
				ASSETCATALOG_COMPILER_APPICON_NAME = AppIcon;
				ASSETCATALOG_COMPILER_GLOBAL_ACCENT_COLOR_NAME = AccentColor;
				CODE_SIGN_STYLE = Automatic;
				CURRENT_PROJECT_VERSION = 1;
				GENERATE_INFOPLIST_FILE = YES;
				INFOPLIST_FILE = "PROJECT 26  ACTION SHEET/Info.plist";
				INFOPLIST_KEY_UIApplicationSupportsIndirectInputEvents = YES;
				INFOPLIST_KEY_UILaunchStoryboardName = LaunchScreen;
				INFOPLIST_KEY_UIMainStoryboardFile = Main;
				INFOPLIST_KEY_UISupportedInterfaceOrientations_iPad = "UIInterfaceOrientationPortrait UIInterfaceOrientationPortraitUpsideDown UIInterfaceOrientationLandscapeLeft UIInterfaceOrientationLandscapeRight";
				INFOPLIST_KEY_UISupportedInterfaceOrientations_iPhone = "UIInterfaceOrientationPortrait UIInterfaceOrientationLandscapeLeft UIInterfaceOrientationLandscapeRight";
				LD_RUNPATH_SEARCH_PATHS = (
					"$(inherited)",
					"@executable_path/Frameworks",
				);
				MARKETING_VERSION = 1.0;
				PRODUCT_BUNDLE_IDENTIFIER = "kien.PROJECT-26--ACTION-SHEET";
				PRODUCT_NAME = "$(TARGET_NAME)";
				SWIFT_EMIT_LOC_STRINGS = YES;
				SWIFT_VERSION = 5.0;
				TARGETED_DEVICE_FAMILY = "1,2";
			};
			name = Debug;
		};
		283574D7292B68BE00D3CCF4 /* Release */ = {
			isa = XCBuildConfiguration;
			buildSettings = {
				ASSETCATALOG_COMPILER_APPICON_NAME = AppIcon;
				ASSETCATALOG_COMPILER_GLOBAL_ACCENT_COLOR_NAME = AccentColor;
				CODE_SIGN_STYLE = Automatic;
				CURRENT_PROJECT_VERSION = 1;
				GENERATE_INFOPLIST_FILE = YES;
				INFOPLIST_FILE = "PROJECT 26  ACTION SHEET/Info.plist";
				INFOPLIST_KEY_UIApplicationSupportsIndirectInputEvents = YES;
				INFOPLIST_KEY_UILaunchStoryboardName = LaunchScreen;
				INFOPLIST_KEY_UIMainStoryboardFile = Main;
				INFOPLIST_KEY_UISupportedInterfaceOrientations_iPad = "UIInterfaceOrientationPortrait UIInterfaceOrientationPortraitUpsideDown UIInterfaceOrientationLandscapeLeft UIInterfaceOrientationLandscapeRight";
				INFOPLIST_KEY_UISupportedInterfaceOrientations_iPhone = "UIInterfaceOrientationPortrait UIInterfaceOrientationLandscapeLeft UIInterfaceOrientationLandscapeRight";
				LD_RUNPATH_SEARCH_PATHS = (
					"$(inherited)",
					"@executable_path/Frameworks",
				);
				MARKETING_VERSION = 1.0;
				PRODUCT_BUNDLE_IDENTIFIER = "kien.PROJECT-26--ACTION-SHEET";
				PRODUCT_NAME = "$(TARGET_NAME)";
				SWIFT_EMIT_LOC_STRINGS = YES;
				SWIFT_VERSION = 5.0;
				TARGETED_DEVICE_FAMILY = "1,2";
			};
			name = Release;
		};
/* End XCBuildConfiguration section */

/* Begin XCConfigurationList section */
		283574BC292B68BE00D3CCF4 /* Build configuration list for PBXProject "PROJECT 26  ACTION SHEET" */ = {
			isa = XCConfigurationList;
			buildConfigurations = (
				283574D3292B68BE00D3CCF4 /* Debug */,
				283574D4292B68BE00D3CCF4 /* Release */,
			);
			defaultConfigurationIsVisible = 0;
			defaultConfigurationName = Release;
		};
		283574D5292B68BE00D3CCF4 /* Build configuration list for PBXNativeTarget "PROJECT 26  ACTION SHEET" */ = {
			isa = XCConfigurationList;
			buildConfigurations = (
				283574D6292B68BE00D3CCF4 /* Debug */,
				283574D7292B68BE00D3CCF4 /* Release */,
			);
			defaultConfigurationIsVisible = 0;
			defaultConfigurationName = Release;
		};
/* End XCConfigurationList section */
	};
	rootObject = 283574B9292B68BE00D3CCF4 /* Project object */;
}
