// !$*UTF8*$!
{
	archiveVersion = 1;
	classes = {
	};
	objectVersion = 55;
	objects = {

/* Begin PBXBuildFile section */
		28CA0874293F1D2A0027D521 /* AppDelegate.swift in Sources */ = {isa = PBXBuildFile; fileRef = 28CA0873293F1D2A0027D521 /* AppDelegate.swift */; };
		28CA0876293F1D2A0027D521 /* SceneDelegate.swift in Sources */ = {isa = PBXBuildFile; fileRef = 28CA0875293F1D2A0027D521 /* SceneDelegate.swift */; };
		28CA0878293F1D2A0027D521 /* ViewController.swift in Sources */ = {isa = PBXBuildFile; fileRef = 28CA0877293F1D2A0027D521 /* ViewController.swift */; };
		28CA087B293F1D2A0027D521 /* Main.storyboard in Resources */ = {isa = PBXBuildFile; fileRef = 28CA0879293F1D2A0027D521 /* Main.storyboard */; };
		28CA087D293F1D2C0027D521 /* Assets.xcassets in Resources */ = {isa = PBXBuildFile; fileRef = 28CA087C293F1D2C0027D521 /* Assets.xcassets */; };
		28CA0880293F1D2C0027D521 /* LaunchScreen.storyboard in Resources */ = {isa = PBXBuildFile; fileRef = 28CA087E293F1D2C0027D521 /* LaunchScreen.storyboard */; };
		28CA0888293F1E710027D521 /* gistfile1.json in Resources */ = {isa = PBXBuildFile; fileRef = 28CA0887293F1E710027D521 /* gistfile1.json */; };
		28CA088B293F1EF70027D521 /* VegetableCell.swift in Sources */ = {isa = PBXBuildFile; fileRef = 28CA0889293F1EF70027D521 /* VegetableCell.swift */; };
		28CA088C293F1EF70027D521 /* VegetableCell.xib in Resources */ = {isa = PBXBuildFile; fileRef = 28CA088A293F1EF70027D521 /* VegetableCell.xib */; };
/* End PBXBuildFile section */

/* Begin PBXFileReference section */
		28CA0870293F1D2A0027D521 /* Project31.app */ = {isa = PBXFileReference; explicitFileType = wrapper.application; includeInIndex = 0; path = Project31.app; sourceTree = BUILT_PRODUCTS_DIR; };
		28CA0873293F1D2A0027D521 /* AppDelegate.swift */ = {isa = PBXFileReference; lastKnownFileType = sourcecode.swift; path = AppDelegate.swift; sourceTree = "<group>"; };
		28CA0875293F1D2A0027D521 /* SceneDelegate.swift */ = {isa = PBXFileReference; lastKnownFileType = sourcecode.swift; path = SceneDelegate.swift; sourceTree = "<group>"; };
		28CA0877293F1D2A0027D521 /* ViewController.swift */ = {isa = PBXFileReference; lastKnownFileType = sourcecode.swift; path = ViewController.swift; sourceTree = "<group>"; };
		28CA087A293F1D2A0027D521 /* Base */ = {isa = PBXFileReference; lastKnownFileType = file.storyboard; name = Base; path = Base.lproj/Main.storyboard; sourceTree = "<group>"; };
		28CA087C293F1D2C0027D521 /* Assets.xcassets */ = {isa = PBXFileReference; lastKnownFileType = folder.assetcatalog; path = Assets.xcassets; sourceTree = "<group>"; };
		28CA087F293F1D2C0027D521 /* Base */ = {isa = PBXFileReference; lastKnownFileType = file.storyboard; name = Base; path = Base.lproj/LaunchScreen.storyboard; sourceTree = "<group>"; };
		28CA0881293F1D2C0027D521 /* Info.plist */ = {isa = PBXFileReference; lastKnownFileType = text.plist.xml; path = Info.plist; sourceTree = "<group>"; };
		28CA0887293F1E710027D521 /* gistfile1.json */ = {isa = PBXFileReference; fileEncoding = 4; lastKnownFileType = text.json; path = gistfile1.json; sourceTree = "<group>"; };
		28CA0889293F1EF70027D521 /* VegetableCell.swift */ = {isa = PBXFileReference; lastKnownFileType = sourcecode.swift; path = VegetableCell.swift; sourceTree = "<group>"; };
		28CA088A293F1EF70027D521 /* VegetableCell.xib */ = {isa = PBXFileReference; lastKnownFileType = file.xib; path = VegetableCell.xib; sourceTree = "<group>"; };
/* End PBXFileReference section */

/* Begin PBXFrameworksBuildPhase section */
		28CA086D293F1D2A0027D521 /* Frameworks */ = {
			isa = PBXFrameworksBuildPhase;
			buildActionMask = 2147483647;
			files = (
			);
			runOnlyForDeploymentPostprocessing = 0;
		};
/* End PBXFrameworksBuildPhase section */

/* Begin PBXGroup section */
		28CA0867293F1D2A0027D521 = {
			isa = PBXGroup;
			children = (
				28CA0872293F1D2A0027D521 /* Project31 */,
				28CA0871293F1D2A0027D521 /* Products */,
			);
			sourceTree = "<group>";
		};
		28CA0871293F1D2A0027D521 /* Products */ = {
			isa = PBXGroup;
			children = (
				28CA0870293F1D2A0027D521 /* Project31.app */,
			);
			name = Products;
			sourceTree = "<group>";
		};
		28CA0872293F1D2A0027D521 /* Project31 */ = {
			isa = PBXGroup;
			children = (
				28CA0873293F1D2A0027D521 /* AppDelegate.swift */,
				28CA0875293F1D2A0027D521 /* SceneDelegate.swift */,
				28CA0887293F1E710027D521 /* gistfile1.json */,
				28CA0877293F1D2A0027D521 /* ViewController.swift */,
				28CA0879293F1D2A0027D521 /* Main.storyboard */,
				28CA087C293F1D2C0027D521 /* Assets.xcassets */,
				28CA087E293F1D2C0027D521 /* LaunchScreen.storyboard */,
				28CA0881293F1D2C0027D521 /* Info.plist */,
				28CA0889293F1EF70027D521 /* VegetableCell.swift */,
				28CA088A293F1EF70027D521 /* VegetableCell.xib */,
			);
			path = Project31;
			sourceTree = "<group>";
		};
/* End PBXGroup section */

/* Begin PBXNativeTarget section */
		28CA086F293F1D2A0027D521 /* Project31 */ = {
			isa = PBXNativeTarget;
			buildConfigurationList = 28CA0884293F1D2C0027D521 /* Build configuration list for PBXNativeTarget "Project31" */;
			buildPhases = (
				28CA086C293F1D2A0027D521 /* Sources */,
				28CA086D293F1D2A0027D521 /* Frameworks */,
				28CA086E293F1D2A0027D521 /* Resources */,
			);
			buildRules = (
			);
			dependencies = (
			);
			name = Project31;
			productName = Project31;
			productReference = 28CA0870293F1D2A0027D521 /* Project31.app */;
			productType = "com.apple.product-type.application";
		};
/* End PBXNativeTarget section */

/* Begin PBXProject section */
		28CA0868293F1D2A0027D521 /* Project object */ = {
			isa = PBXProject;
			attributes = {
				BuildIndependentTargetsInParallel = 1;
				LastSwiftUpdateCheck = 1340;
				LastUpgradeCheck = 1340;
				TargetAttributes = {
					28CA086F293F1D2A0027D521 = {
						CreatedOnToolsVersion = 13.4.1;
					};
				};
			};
			buildConfigurationList = 28CA086B293F1D2A0027D521 /* Build configuration list for PBXProject "Project31" */;
			compatibilityVersion = "Xcode 13.0";
			developmentRegion = en;
			hasScannedForEncodings = 0;
			knownRegions = (
				en,
				Base,
			);
			mainGroup = 28CA0867293F1D2A0027D521;
			productRefGroup = 28CA0871293F1D2A0027D521 /* Products */;
			projectDirPath = "";
			projectRoot = "";
			targets = (
				28CA086F293F1D2A0027D521 /* Project31 */,
			);
		};
/* End PBXProject section */

/* Begin PBXResourcesBuildPhase section */
		28CA086E293F1D2A0027D521 /* Resources */ = {
			isa = PBXResourcesBuildPhase;
			buildActionMask = 2147483647;
			files = (
				28CA0880293F1D2C0027D521 /* LaunchScreen.storyboard in Resources */,
				28CA087D293F1D2C0027D521 /* Assets.xcassets in Resources */,
				28CA0888293F1E710027D521 /* gistfile1.json in Resources */,
				28CA087B293F1D2A0027D521 /* Main.storyboard in Resources */,
				28CA088C293F1EF70027D521 /* VegetableCell.xib in Resources */,
			);
			runOnlyForDeploymentPostprocessing = 0;
		};
/* End PBXResourcesBuildPhase section */

/* Begin PBXSourcesBuildPhase section */
		28CA086C293F1D2A0027D521 /* Sources */ = {
			isa = PBXSourcesBuildPhase;
			buildActionMask = 2147483647;
			files = (
				28CA0878293F1D2A0027D521 /* ViewController.swift in Sources */,
				28CA088B293F1EF70027D521 /* VegetableCell.swift in Sources */,
				28CA0874293F1D2A0027D521 /* AppDelegate.swift in Sources */,
				28CA0876293F1D2A0027D521 /* SceneDelegate.swift in Sources */,
			);
			runOnlyForDeploymentPostprocessing = 0;
		};
/* End PBXSourcesBuildPhase section */

/* Begin PBXVariantGroup section */
		28CA0879293F1D2A0027D521 /* Main.storyboard */ = {
			isa = PBXVariantGroup;
			children = (
				28CA087A293F1D2A0027D521 /* Base */,
			);
			name = Main.storyboard;
			sourceTree = "<group>";
		};
		28CA087E293F1D2C0027D521 /* LaunchScreen.storyboard */ = {
			isa = PBXVariantGroup;
			children = (
				28CA087F293F1D2C0027D521 /* Base */,
			);
			name = LaunchScreen.storyboard;
			sourceTree = "<group>";
		};
/* End PBXVariantGroup section */

/* Begin XCBuildConfiguration section */
		28CA0882293F1D2C0027D521 /* Debug */ = {
			isa = XCBuildConfiguration;
			buildSettings = {
				ALWAYS_SEARCH_USER_PATHS = NO;
				CLANG_ANALYZER_NONNULL = YES;
				CLANG_ANALYZER_NUMBER_OBJECT_CONVERSION = YES_AGGRESSIVE;
				CLANG_CXX_LANGUAGE_STANDARD = "gnu++17";
				CLANG_ENABLE_MODULES = YES;
				CLANG_ENABLE_OBJC_ARC = YES;
				CLANG_ENABLE_OBJC_WEAK = YES;
				CLANG_WARN_BLOCK_CAPTURE_AUTORELEASING = YES;
				CLANG_WARN_BOOL_CONVERSION = YES;
				CLANG_WARN_COMMA = YES;
				CLANG_WARN_CONSTANT_CONVERSION = YES;
				CLANG_WARN_DEPRECATED_OBJC_IMPLEMENTATIONS = YES;
				CLANG_WARN_DIRECT_OBJC_ISA_USAGE = YES_ERROR;
				CLANG_WARN_DOCUMENTATION_COMMENTS = YES;
				CLANG_WARN_EMPTY_BODY = YES;
				CLANG_WARN_ENUM_CONVERSION = YES;
				CLANG_WARN_INFINITE_RECURSION = YES;
				CLANG_WARN_INT_CONVERSION = YES;
				CLANG_WARN_NON_LITERAL_NULL_CONVERSION = YES;
				CLANG_WARN_OBJC_IMPLICIT_RETAIN_SELF = YES;
				CLANG_WARN_OBJC_LITERAL_CONVERSION = YES;
				CLANG_WARN_OBJC_ROOT_CLASS = YES_ERROR;
				CLANG_WARN_QUOTED_INCLUDE_IN_FRAMEWORK_HEADER = YES;
				CLANG_WARN_RANGE_LOOP_ANALYSIS = YES;
				CLANG_WARN_STRICT_PROTOTYPES = YES;
				CLANG_WARN_SUSPICIOUS_MOVE = YES;
				CLANG_WARN_UNGUARDED_AVAILABILITY = YES_AGGRESSIVE;
				CLANG_WARN_UNREACHABLE_CODE = YES;
				CLANG_WARN__DUPLICATE_METHOD_MATCH = YES;
				COPY_PHASE_STRIP = NO;
				DEBUG_INFORMATION_FORMAT = dwarf;
				ENABLE_STRICT_OBJC_MSGSEND = YES;
				ENABLE_TESTABILITY = YES;
				GCC_C_LANGUAGE_STANDARD = gnu11;
				GCC_DYNAMIC_NO_PIC = NO;
				GCC_NO_COMMON_BLOCKS = YES;
				GCC_OPTIMIZATION_LEVEL = 0;
				GCC_PREPROCESSOR_DEFINITIONS = (
					"DEBUG=1",
					"$(inherited)",
				);
				GCC_WARN_64_TO_32_BIT_CONVERSION = YES;
				GCC_WARN_ABOUT_RETURN_TYPE = YES_ERROR;
				GCC_WARN_UNDECLARED_SELECTOR = YES;
				GCC_WARN_UNINITIALIZED_AUTOS = YES_AGGRESSIVE;
				GCC_WARN_UNUSED_FUNCTION = YES;
				GCC_WARN_UNUSED_VARIABLE = YES;
				IPHONEOS_DEPLOYMENT_TARGET = 15.5;
				MTL_ENABLE_DEBUG_INFO = INCLUDE_SOURCE;
				MTL_FAST_MATH = YES;
				ONLY_ACTIVE_ARCH = YES;
				SDKROOT = iphoneos;
				SWIFT_ACTIVE_COMPILATION_CONDITIONS = DEBUG;
				SWIFT_OPTIMIZATION_LEVEL = "-Onone";
			};
			name = Debug;
		};
		28CA0883293F1D2C0027D521 /* Release */ = {
			isa = XCBuildConfiguration;
			buildSettings = {
				ALWAYS_SEARCH_USER_PATHS = NO;
				CLANG_ANALYZER_NONNULL = YES;
				CLANG_ANALYZER_NUMBER_OBJECT_CONVERSION = YES_AGGRESSIVE;
				CLANG_CXX_LANGUAGE_STANDARD = "gnu++17";
				CLANG_ENABLE_MODULES = YES;
				CLANG_ENABLE_OBJC_ARC = YES;
				CLANG_ENABLE_OBJC_WEAK = YES;
				CLANG_WARN_BLOCK_CAPTURE_AUTORELEASING = YES;
				CLANG_WARN_BOOL_CONVERSION = YES;
				CLANG_WARN_COMMA = YES;
				CLANG_WARN_CONSTANT_CONVERSION = YES;
				CLANG_WARN_DEPRECATED_OBJC_IMPLEMENTATIONS = YES;
				CLANG_WARN_DIRECT_OBJC_ISA_USAGE = YES_ERROR;
				CLANG_WARN_DOCUMENTATION_COMMENTS = YES;
				CLANG_WARN_EMPTY_BODY = YES;
				CLANG_WARN_ENUM_CONVERSION = YES;
				CLANG_WARN_INFINITE_RECURSION = YES;
				CLANG_WARN_INT_CONVERSION = YES;
				CLANG_WARN_NON_LITERAL_NULL_CONVERSION = YES;
				CLANG_WARN_OBJC_IMPLICIT_RETAIN_SELF = YES;
				CLANG_WARN_OBJC_LITERAL_CONVERSION = YES;
				CLANG_WARN_OBJC_ROOT_CLASS = YES_ERROR;
				CLANG_WARN_QUOTED_INCLUDE_IN_FRAMEWORK_HEADER = YES;
				CLANG_WARN_RANGE_LOOP_ANALYSIS = YES;
				CLANG_WARN_STRICT_PROTOTYPES = YES;
				CLANG_WARN_SUSPICIOUS_MOVE = YES;
				CLANG_WARN_UNGUARDED_AVAILABILITY = YES_AGGRESSIVE;
				CLANG_WARN_UNREACHABLE_CODE = YES;
				CLANG_WARN__DUPLICATE_METHOD_MATCH = YES;
				COPY_PHASE_STRIP = NO;
				DEBUG_INFORMATION_FORMAT = "dwarf-with-dsym";
				ENABLE_NS_ASSERTIONS = NO;
				ENABLE_STRICT_OBJC_MSGSEND = YES;
				GCC_C_LANGUAGE_STANDARD = gnu11;
				GCC_NO_COMMON_BLOCKS = YES;
				GCC_WARN_64_TO_32_BIT_CONVERSION = YES;
				GCC_WARN_ABOUT_RETURN_TYPE = YES_ERROR;
				GCC_WARN_UNDECLARED_SELECTOR = YES;
				GCC_WARN_UNINITIALIZED_AUTOS = YES_AGGRESSIVE;
				GCC_WARN_UNUSED_FUNCTION = YES;
				GCC_WARN_UNUSED_VARIABLE = YES;
				IPHONEOS_DEPLOYMENT_TARGET = 15.5;
				MTL_ENABLE_DEBUG_INFO = NO;
				MTL_FAST_MATH = YES;
				SDKROOT = iphoneos;
				SWIFT_COMPILATION_MODE = wholemodule;
				SWIFT_OPTIMIZATION_LEVEL = "-O";
				VALIDATE_PRODUCT = YES;
			};
			name = Release;
		};
		28CA0885293F1D2C0027D521 /* Debug */ = {
			isa = XCBuildConfiguration;
			buildSettings = {
				ASSETCATALOG_COMPILER_APPICON_NAME = AppIcon;
				ASSETCATALOG_COMPILER_GLOBAL_ACCENT_COLOR_NAME = AccentColor;
				CODE_SIGN_STYLE = Automatic;
				CURRENT_PROJECT_VERSION = 1;
				GENERATE_INFOPLIST_FILE = YES;
				INFOPLIST_FILE = Project31/Info.plist;
				INFOPLIST_KEY_UIApplicationSupportsIndirectInputEvents = YES;
				INFOPLIST_KEY_UILaunchStoryboardName = LaunchScreen;
				INFOPLIST_KEY_UIMainStoryboardFile = Main;
				INFOPLIST_KEY_UISupportedInterfaceOrientations_iPad = "UIInterfaceOrientationPortrait UIInterfaceOrientationPortraitUpsideDown UIInterfaceOrientationLandscapeLeft UIInterfaceOrientationLandscapeRight";
				INFOPLIST_KEY_UISupportedInterfaceOrientations_iPhone = "UIInterfaceOrientationPortrait UIInterfaceOrientationLandscapeLeft UIInterfaceOrientationLandscapeRight";
				LD_RUNPATH_SEARCH_PATHS = (
					"$(inherited)",
					"@executable_path/Frameworks",
				);
				MARKETING_VERSION = 1.0;
				PRODUCT_BUNDLE_IDENTIFIER = kien.Project31;
				PRODUCT_NAME = "$(TARGET_NAME)";
				SWIFT_EMIT_LOC_STRINGS = YES;
				SWIFT_VERSION = 5.0;
				TARGETED_DEVICE_FAMILY = "1,2";
			};
			name = Debug;
		};
		28CA0886293F1D2C0027D521 /* Release */ = {
			isa = XCBuildConfiguration;
			buildSettings = {
				ASSETCATALOG_COMPILER_APPICON_NAME = AppIcon;
				ASSETCATALOG_COMPILER_GLOBAL_ACCENT_COLOR_NAME = AccentColor;
				CODE_SIGN_STYLE = Automatic;
				CURRENT_PROJECT_VERSION = 1;
				GENERATE_INFOPLIST_FILE = YES;
				INFOPLIST_FILE = Project31/Info.plist;
				INFOPLIST_KEY_UIApplicationSupportsIndirectInputEvents = YES;
				INFOPLIST_KEY_UILaunchStoryboardName = LaunchScreen;
				INFOPLIST_KEY_UIMainStoryboardFile = Main;
				INFOPLIST_KEY_UISupportedInterfaceOrientations_iPad = "UIInterfaceOrientationPortrait UIInterfaceOrientationPortraitUpsideDown UIInterfaceOrientationLandscapeLeft UIInterfaceOrientationLandscapeRight";
				INFOPLIST_KEY_UISupportedInterfaceOrientations_iPhone = "UIInterfaceOrientationPortrait UIInterfaceOrientationLandscapeLeft UIInterfaceOrientationLandscapeRight";
				LD_RUNPATH_SEARCH_PATHS = (
					"$(inherited)",
					"@executable_path/Frameworks",
				);
				MARKETING_VERSION = 1.0;
				PRODUCT_BUNDLE_IDENTIFIER = kien.Project31;
				PRODUCT_NAME = "$(TARGET_NAME)";
				SWIFT_EMIT_LOC_STRINGS = YES;
				SWIFT_VERSION = 5.0;
				TARGETED_DEVICE_FAMILY = "1,2";
			};
			name = Release;
		};
/* End XCBuildConfiguration section */

/* Begin XCConfigurationList section */
		28CA086B293F1D2A0027D521 /* Build configuration list for PBXProject "Project31" */ = {
			isa = XCConfigurationList;
			buildConfigurations = (
				28CA0882293F1D2C0027D521 /* Debug */,
				28CA0883293F1D2C0027D521 /* Release */,
			);
			defaultConfigurationIsVisible = 0;
			defaultConfigurationName = Release;
		};
		28CA0884293F1D2C0027D521 /* Build configuration list for PBXNativeTarget "Project31" */ = {
			isa = XCConfigurationList;
			buildConfigurations = (
				28CA0885293F1D2C0027D521 /* Debug */,
				28CA0886293F1D2C0027D521 /* Release */,
			);
			defaultConfigurationIsVisible = 0;
			defaultConfigurationName = Release;
		};
/* End XCConfigurationList section */
	};
	rootObject = 28CA0868293F1D2A0027D521 /* Project object */;
}
